
Microsoft Visual Studio Solution File, Format Version 12.00
# Visual Studio Version 16
VisualStudioVersion = 16.0.31205.134
MinimumVisualStudioVersion = 10.0.40219.1
Project("{FAE04EC0-301F-11D3-BF4B-00C04F79EFBC}") = "ProjectCSharp", "ProjectCSharp.csproj", "{0D622E57-5921-420C-927B-F4482F92C3E5}"
EndProject
Global
	GlobalSection(SolutionConfigurationPlatforms) = preSolution
		Debug|Any CPU = Debug|Any CPU
		Release|Any CPU = Release|Any CPU
	EndGlobalSection
	GlobalSection(ProjectConfigurationPlatforms) = postSolution
		{0D622E57-5921-420C-927B-F4482F92C3E5}.Debug|Any CPU.ActiveCfg = Debug|Any CPU
		{0D622E57-5921-420C-927B-F4482F92C3E5}.Debug|Any CPU.Build.0 = Debug|Any CPU
		{0D622E57-5921-420C-927B-F4482F92C3E5}.Release|Any CPU.ActiveCfg = Release|Any CPU
		{0D622E57-5921-420C-927B-F4482F92C3E5}.Release|Any CPU.Build.0 = Release|Any CPU
	EndGlobalSection
	GlobalSection(SolutionProperties) = preSolution
		HideSolutionNode = FALSE
	EndGlobalSection
	GlobalSection(ExtensibilityGlobals) = postSolution
		SolutionGuid = {B189B162-85E8-495B-83CB-DD64247E6D23}
	EndGlobalSection
EndGlobal
